
Microsoft Visual Studio Solution File, Format Version 12.00
# Visual Studio Version 16
VisualStudioVersion = 16.0.30114.105
MinimumVisualStudioVersion = 10.0.40219.1
Project("{FAE04EC0-301F-11D3-BF4B-00C04F79EFBC}") = "function", "src\function.csproj", "{DBE06A53-C06F-4742-B5E6-6896F0C33F4C}"
EndProject
Project("{2150E333-8FDC-42A3-9474-1A3956D46DE8}") = "tests", "tests", "{B998E074-4C81-4E75-A1D2-2FD4715CB731}"
EndProject
Project("{FAE04EC0-301F-11D3-BF4B-00C04F79EFBC}") = "integration", "tests\integration\integration.csproj", "{203BB85F-D818-48E7-8B85-3DED771FE8B7}"
EndProject
Project("{FAE04EC0-301F-11D3-BF4B-00C04F79EFBC}") = "unit", "tests\unit\unit.csproj", "{3A011FDD-82CF-4A08-A95B-A5F40AECC235}"
EndProject
Global
	GlobalSection(SolutionConfigurationPlatforms) = preSolution
		Debug|Any CPU = Debug|Any CPU
		Release|Any CPU = Release|Any CPU
	EndGlobalSection
	GlobalSection(SolutionProperties) = preSolution
		HideSolutionNode = FALSE
	EndGlobalSection
	GlobalSection(ProjectConfigurationPlatforms) = postSolution
		{DBE06A53-C06F-4742-B5E6-6896F0C33F4C}.Debug|Any CPU.ActiveCfg = Debug|Any CPU
		{DBE06A53-C06F-4742-B5E6-6896F0C33F4C}.Debug|Any CPU.Build.0 = Debug|Any CPU
		{DBE06A53-C06F-4742-B5E6-6896F0C33F4C}.Release|Any CPU.ActiveCfg = Release|Any CPU
		{DBE06A53-C06F-4742-B5E6-6896F0C33F4C}.Release|Any CPU.Build.0 = Release|Any CPU
		{203BB85F-D818-48E7-8B85-3DED771FE8B7}.Debug|Any CPU.ActiveCfg = Debug|Any CPU
		{203BB85F-D818-48E7-8B85-3DED771FE8B7}.Debug|Any CPU.Build.0 = Debug|Any CPU
		{203BB85F-D818-48E7-8B85-3DED771FE8B7}.Release|Any CPU.ActiveCfg = Release|Any CPU
		{203BB85F-D818-48E7-8B85-3DED771FE8B7}.Release|Any CPU.Build.0 = Release|Any CPU
		{3A011FDD-82CF-4A08-A95B-A5F40AECC235}.Debug|Any CPU.ActiveCfg = Debug|Any CPU
		{3A011FDD-82CF-4A08-A95B-A5F40AECC235}.Debug|Any CPU.Build.0 = Debug|Any CPU
		{3A011FDD-82CF-4A08-A95B-A5F40AECC235}.Release|Any CPU.ActiveCfg = Release|Any CPU
		{3A011FDD-82CF-4A08-A95B-A5F40AECC235}.Release|Any CPU.Build.0 = Release|Any CPU
	EndGlobalSection
	GlobalSection(NestedProjects) = preSolution
		{203BB85F-D818-48E7-8B85-3DED771FE8B7} = {B998E074-4C81-4E75-A1D2-2FD4715CB731}
		{3A011FDD-82CF-4A08-A95B-A5F40AECC235} = {B998E074-4C81-4E75-A1D2-2FD4715CB731}
	EndGlobalSection
EndGlobal
